// !$*UTF8*$!
{
	archiveVersion = 1;
	classes = {
	};
	objectVersion = 46;
	objects = {

/* Begin PBXBuildFile section */
		E79A03A20D9735B3EF8BC614 /* Pods.framework in Frameworks */ = {isa = PBXBuildFile; fileRef = 9C94DCA27007B5E22D2B298A /* Pods.framework */; };
		F91E01BE1C43E69000DA3CEB /* AppDelegate.swift in Sources */ = {isa = PBXBuildFile; fileRef = F91E01BD1C43E69000DA3CEB /* AppDelegate.swift */; };
		F91E01C51C43E69100DA3CEB /* Assets.xcassets in Resources */ = {isa = PBXBuildFile; fileRef = F91E01C41C43E69100DA3CEB /* Assets.xcassets */; };
		F91E01D31C43E69100DA3CEB /* SwiftWeiBoTests.swift in Sources */ = {isa = PBXBuildFile; fileRef = F91E01D21C43E69100DA3CEB /* SwiftWeiBoTests.swift */; };
		F91E01DE1C43E69100DA3CEB /* SwiftWeiBoUITests.swift in Sources */ = {isa = PBXBuildFile; fileRef = F91E01DD1C43E69100DA3CEB /* SwiftWeiBoUITests.swift */; };
		F91E01F41C43EA3E00DA3CEB /* MainViewController.swift in Sources */ = {isa = PBXBuildFile; fileRef = F91E01F31C43EA3E00DA3CEB /* MainViewController.swift */; };
		F91E01F61C43EA9000DA3CEB /* HomeTableViewController.swift in Sources */ = {isa = PBXBuildFile; fileRef = F91E01F51C43EA9000DA3CEB /* HomeTableViewController.swift */; };
		F91E01F81C43EAA900DA3CEB /* DiscoverTableViewController.swift in Sources */ = {isa = PBXBuildFile; fileRef = F91E01F71C43EAA900DA3CEB /* DiscoverTableViewController.swift */; };
		F91E01FA1C43EAC400DA3CEB /* MessageTableViewController.swift in Sources */ = {isa = PBXBuildFile; fileRef = F91E01F91C43EAC400DA3CEB /* MessageTableViewController.swift */; };
		F91E01FC1C43EACD00DA3CEB /* ProfileTableViewController.swift in Sources */ = {isa = PBXBuildFile; fileRef = F91E01FB1C43EACD00DA3CEB /* ProfileTableViewController.swift */; };
		F91E02001C43F38500DA3CEB /* MainVCSettings.json in Resources */ = {isa = PBXBuildFile; fileRef = F91E01FE1C43F38500DA3CEB /* MainVCSettings.json */; };
		F91E02011C43F38500DA3CEB /* NullViewController.swift in Sources */ = {isa = PBXBuildFile; fileRef = F91E01FF1C43F38500DA3CEB /* NullViewController.swift */; };
		F93370DA1C7ED994002CD754 /* PoperAnimator.swift in Sources */ = {isa = PBXBuildFile; fileRef = F93370D91C7ED994002CD754 /* PoperAnimator.swift */; };
		F93370DD1C7EE44F002CD754 /* QRCodeController.storyboard in Resources */ = {isa = PBXBuildFile; fileRef = F93370DC1C7EE44F002CD754 /* QRCodeController.storyboard */; };
		F93370DF1C8023EE002CD754 /* QRCodeController.swift in Sources */ = {isa = PBXBuildFile; fileRef = F93370DE1C8023EE002CD754 /* QRCodeController.swift */; };
		F93370FE1C896151002CD754 /* MyQRCodeCard.swift in Sources */ = {isa = PBXBuildFile; fileRef = F93370FD1C896151002CD754 /* MyQRCodeCard.swift */; };
		F935B2101C97FA2B0010DF54 /* OAuthViewController.swift in Sources */ = {isa = PBXBuildFile; fileRef = F935B20F1C97FA2B0010DF54 /* OAuthViewController.swift */; };
		F935B22D1CA0F3010010DF54 /* NetworkTools.swift in Sources */ = {isa = PBXBuildFile; fileRef = F935B22C1CA0F3010010DF54 /* NetworkTools.swift */; };
		F935B2311CA298BF0010DF54 /* UserAccount.swift in Sources */ = {isa = PBXBuildFile; fileRef = F935B2301CA298BF0010DF54 /* UserAccount.swift */; };
		F9878BDC1CACD52200858258 /* String+Category.swift in Sources */ = {isa = PBXBuildFile; fileRef = F9878BDB1CACD52200858258 /* String+Category.swift */; };
		F98911A61CB3991B00752F82 /* NewfeatureCollectionViewController.swift in Sources */ = {isa = PBXBuildFile; fileRef = F98911A51CB3991A00752F82 /* NewfeatureCollectionViewController.swift */; };
		F98911EB1CB62A7B00752F82 /* WelcomeViewController.swift in Sources */ = {isa = PBXBuildFile; fileRef = F98911EA1CB62A7B00752F82 /* WelcomeViewController.swift */; };
		F98911ED1CBF677900752F82 /* Statuses.swift in Sources */ = {isa = PBXBuildFile; fileRef = F98911EC1CBF677900752F82 /* Statuses.swift */; };
		F98911EF1CC4806800752F82 /* User.swift in Sources */ = {isa = PBXBuildFile; fileRef = F98911EE1CC4806800752F82 /* User.swift */; };
		F98911F11CC4836300752F82 /* StatusesCell.swift in Sources */ = {isa = PBXBuildFile; fileRef = F98911F01CC4836300752F82 /* StatusesCell.swift */; };
		F98911F51CC4C5D200752F82 /* UILabel+Category.swift in Sources */ = {isa = PBXBuildFile; fileRef = F98911F41CC4C5D200752F82 /* UILabel+Category.swift */; };
		F98911F71CC4D35000752F82 /* UIButton+Category.swift in Sources */ = {isa = PBXBuildFile; fileRef = F98911F61CC4D35000752F82 /* UIButton+Category.swift */; };
		F98911F91CC76A2700752F82 /* NSDate+Category.swift in Sources */ = {isa = PBXBuildFile; fileRef = F98911F81CC76A2600752F82 /* NSDate+Category.swift */; };
		F989122B1CCE17F000752F82 /* statusBottomView.swift in Sources */ = {isa = PBXBuildFile; fileRef = F989122A1CCE17F000752F82 /* statusBottomView.swift */; };
		F989122D1CCE190300752F82 /* statusTopView.swift in Sources */ = {isa = PBXBuildFile; fileRef = F989122C1CCE190300752F82 /* statusTopView.swift */; };
		F9A83BC51C7DCE3C0073AE3F /* PopoverViewController.storyboard in Resources */ = {isa = PBXBuildFile; fileRef = F9A83BC41C7DCE3C0073AE3F /* PopoverViewController.storyboard */; };
		F9A83BC71C7DD17F0073AE3F /* PopoverPresentationController.swift in Sources */ = {isa = PBXBuildFile; fileRef = F9A83BC61C7DD17F0073AE3F /* PopoverPresentationController.swift */; };
		F9DA133D1C464658003944BC /* BaseViewController.swift in Sources */ = {isa = PBXBuildFile; fileRef = F9DA133C1C464658003944BC /* BaseViewController.swift */; };
		F9DA133F1C46498E003944BC /* VisitView.swift in Sources */ = {isa = PBXBuildFile; fileRef = F9DA133E1C46498E003944BC /* VisitView.swift */; };
		F9DABF8C1C4773460005ABE8 /* UIBarButtonItem+Category.swift in Sources */ = {isa = PBXBuildFile; fileRef = F9DABF8B1C4773460005ABE8 /* UIBarButtonItem+Category.swift */; };
		F9DABF8E1C477C430005ABE8 /* TitleView.swift in Sources */ = {isa = PBXBuildFile; fileRef = F9DABF8D1C477C430005ABE8 /* TitleView.swift */; };
		F9F14C261CCF4A5700DB2CE0 /* picViews.swift in Sources */ = {isa = PBXBuildFile; fileRef = F9F14C251CCF4A5600DB2CE0 /* picViews.swift */; };
/* End PBXBuildFile section */

/* Begin PBXContainerItemProxy section */
		F91E01CF1C43E69100DA3CEB /* PBXContainerItemProxy */ = {
			isa = PBXContainerItemProxy;
			containerPortal = F91E01B21C43E69000DA3CEB /* Project object */;
			proxyType = 1;
			remoteGlobalIDString = F91E01B91C43E69000DA3CEB;
			remoteInfo = SwiftWeiBo;
		};
		F91E01DA1C43E69100DA3CEB /* PBXContainerItemProxy */ = {
			isa = PBXContainerItemProxy;
			containerPortal = F91E01B21C43E69000DA3CEB /* Project object */;
			proxyType = 1;
			remoteGlobalIDString = F91E01B91C43E69000DA3CEB;
			remoteInfo = SwiftWeiBo;
		};
/* End PBXContainerItemProxy section */

/* Begin PBXFileReference section */
		9C94DCA27007B5E22D2B298A /* Pods.framework */ = {isa = PBXFileReference; explicitFileType = wrapper.framework; includeInIndex = 0; path = Pods.framework; sourceTree = BUILT_PRODUCTS_DIR; };
		AE8BD0EB8FC2DA2A3D46F93C /* Pods.debug.xcconfig */ = {isa = PBXFileReference; includeInIndex = 1; lastKnownFileType = text.xcconfig; name = Pods.debug.xcconfig; path = "Pods/Target Support Files/Pods/Pods.debug.xcconfig"; sourceTree = "<group>"; };
		F91E01BA1C43E69000DA3CEB /* SwiftWeiBo.app */ = {isa = PBXFileReference; explicitFileType = wrapper.application; includeInIndex = 0; path = SwiftWeiBo.app; sourceTree = BUILT_PRODUCTS_DIR; };
		F91E01BD1C43E69000DA3CEB /* AppDelegate.swift */ = {isa = PBXFileReference; lastKnownFileType = sourcecode.swift; path = AppDelegate.swift; sourceTree = "<group>"; };
		F91E01C41C43E69100DA3CEB /* Assets.xcassets */ = {isa = PBXFileReference; lastKnownFileType = folder.assetcatalog; path = Assets.xcassets; sourceTree = "<group>"; };
		F91E01C91C43E69100DA3CEB /* Info.plist */ = {isa = PBXFileReference; lastKnownFileType = text.plist.xml; path = Info.plist; sourceTree = "<group>"; };
		F91E01CE1C43E69100DA3CEB /* SwiftWeiBoTests.xctest */ = {isa = PBXFileReference; explicitFileType = wrapper.cfbundle; includeInIndex = 0; path = SwiftWeiBoTests.xctest; sourceTree = BUILT_PRODUCTS_DIR; };
		F91E01D21C43E69100DA3CEB /* SwiftWeiBoTests.swift */ = {isa = PBXFileReference; lastKnownFileType = sourcecode.swift; path = SwiftWeiBoTests.swift; sourceTree = "<group>"; };
		F91E01D41C43E69100DA3CEB /* Info.plist */ = {isa = PBXFileReference; lastKnownFileType = text.plist.xml; path = Info.plist; sourceTree = "<group>"; };
		F91E01D91C43E69100DA3CEB /* SwiftWeiBoUITests.xctest */ = {isa = PBXFileReference; explicitFileType = wrapper.cfbundle; includeInIndex = 0; path = SwiftWeiBoUITests.xctest; sourceTree = BUILT_PRODUCTS_DIR; };
		F91E01DD1C43E69100DA3CEB /* SwiftWeiBoUITests.swift */ = {isa = PBXFileReference; lastKnownFileType = sourcecode.swift; path = SwiftWeiBoUITests.swift; sourceTree = "<group>"; };
		F91E01DF1C43E69100DA3CEB /* Info.plist */ = {isa = PBXFileReference; lastKnownFileType = text.plist.xml; path = Info.plist; sourceTree = "<group>"; };
		F91E01F31C43EA3E00DA3CEB /* MainViewController.swift */ = {isa = PBXFileReference; fileEncoding = 4; lastKnownFileType = sourcecode.swift; path = MainViewController.swift; sourceTree = "<group>"; };
		F91E01F51C43EA9000DA3CEB /* HomeTableViewController.swift */ = {isa = PBXFileReference; fileEncoding = 4; lastKnownFileType = sourcecode.swift; path = HomeTableViewController.swift; sourceTree = "<group>"; };
		F91E01F71C43EAA900DA3CEB /* DiscoverTableViewController.swift */ = {isa = PBXFileReference; fileEncoding = 4; lastKnownFileType = sourcecode.swift; path = DiscoverTableViewController.swift; sourceTree = "<group>"; };
		F91E01F91C43EAC400DA3CEB /* MessageTableViewController.swift */ = {isa = PBXFileReference; fileEncoding = 4; lastKnownFileType = sourcecode.swift; path = MessageTableViewController.swift; sourceTree = "<group>"; };
		F91E01FB1C43EACD00DA3CEB /* ProfileTableViewController.swift */ = {isa = PBXFileReference; fileEncoding = 4; lastKnownFileType = sourcecode.swift; path = ProfileTableViewController.swift; sourceTree = "<group>"; };
		F91E01FE1C43F38500DA3CEB /* MainVCSettings.json */ = {isa = PBXFileReference; fileEncoding = 4; lastKnownFileType = text.json; path = MainVCSettings.json; sourceTree = "<group>"; };
		F91E01FF1C43F38500DA3CEB /* NullViewController.swift */ = {isa = PBXFileReference; fileEncoding = 4; lastKnownFileType = sourcecode.swift; path = NullViewController.swift; sourceTree = "<group>"; };
		F93370D91C7ED994002CD754 /* PoperAnimator.swift */ = {isa = PBXFileReference; fileEncoding = 4; lastKnownFileType = sourcecode.swift; path = PoperAnimator.swift; sourceTree = "<group>"; };
		F93370DC1C7EE44F002CD754 /* QRCodeController.storyboard */ = {isa = PBXFileReference; fileEncoding = 4; lastKnownFileType = file.storyboard; path = QRCodeController.storyboard; sourceTree = "<group>"; };
		F93370DE1C8023EE002CD754 /* QRCodeController.swift */ = {isa = PBXFileReference; fileEncoding = 4; lastKnownFileType = sourcecode.swift; path = QRCodeController.swift; sourceTree = "<group>"; };
		F93370FD1C896151002CD754 /* MyQRCodeCard.swift */ = {isa = PBXFileReference; fileEncoding = 4; lastKnownFileType = sourcecode.swift; path = MyQRCodeCard.swift; sourceTree = "<group>"; };
		F935B20F1C97FA2B0010DF54 /* OAuthViewController.swift */ = {isa = PBXFileReference; fileEncoding = 4; lastKnownFileType = sourcecode.swift; path = OAuthViewController.swift; sourceTree = "<group>"; };
		F935B22C1CA0F3010010DF54 /* NetworkTools.swift */ = {isa = PBXFileReference; fileEncoding = 4; lastKnownFileType = sourcecode.swift; name = NetworkTools.swift; path = SwiftWeiBo/Classes/OAuth/NetworkTools.swift; sourceTree = SOURCE_ROOT; };
		F935B2301CA298BF0010DF54 /* UserAccount.swift */ = {isa = PBXFileReference; fileEncoding = 4; lastKnownFileType = sourcecode.swift; path = UserAccount.swift; sourceTree = "<group>"; };
		F9878BDB1CACD52200858258 /* String+Category.swift */ = {isa = PBXFileReference; fileEncoding = 4; lastKnownFileType = sourcecode.swift; name = "String+Category.swift"; path = "SwiftWeiBo/Classes/OAuth/String+Category.swift"; sourceTree = SOURCE_ROOT; };
		F98911A51CB3991A00752F82 /* NewfeatureCollectionViewController.swift */ = {isa = PBXFileReference; fileEncoding = 4; lastKnownFileType = sourcecode.swift; path = NewfeatureCollectionViewController.swift; sourceTree = "<group>"; };
		F98911EA1CB62A7B00752F82 /* WelcomeViewController.swift */ = {isa = PBXFileReference; fileEncoding = 4; lastKnownFileType = sourcecode.swift; path = WelcomeViewController.swift; sourceTree = "<group>"; };
		F98911EC1CBF677900752F82 /* Statuses.swift */ = {isa = PBXFileReference; fileEncoding = 4; lastKnownFileType = sourcecode.swift; name = Statuses.swift; path = ../OAuth/Statuses.swift; sourceTree = "<group>"; };
		F98911EE1CC4806800752F82 /* User.swift */ = {isa = PBXFileReference; fileEncoding = 4; lastKnownFileType = sourcecode.swift; path = User.swift; sourceTree = "<group>"; };
		F98911F01CC4836300752F82 /* StatusesCell.swift */ = {isa = PBXFileReference; fileEncoding = 4; lastKnownFileType = sourcecode.swift; path = StatusesCell.swift; sourceTree = "<group>"; };
		F98911F41CC4C5D200752F82 /* UILabel+Category.swift */ = {isa = PBXFileReference; fileEncoding = 4; lastKnownFileType = sourcecode.swift; name = "UILabel+Category.swift"; path = "SwiftWeiBo/Classes/Home/UILabel+Category.swift"; sourceTree = SOURCE_ROOT; };
		F98911F61CC4D35000752F82 /* UIButton+Category.swift */ = {isa = PBXFileReference; fileEncoding = 4; lastKnownFileType = sourcecode.swift; name = "UIButton+Category.swift"; path = "SwiftWeiBo/Classes/Home/UIButton+Category.swift"; sourceTree = SOURCE_ROOT; };
		F98911F81CC76A2600752F82 /* NSDate+Category.swift */ = {isa = PBXFileReference; fileEncoding = 4; lastKnownFileType = sourcecode.swift; name = "NSDate+Category.swift"; path = "SwiftWeiBo/Classes/Home/NSDate+Category.swift"; sourceTree = SOURCE_ROOT; };
		F989122A1CCE17F000752F82 /* statusBottomView.swift */ = {isa = PBXFileReference; fileEncoding = 4; lastKnownFileType = sourcecode.swift; path = statusBottomView.swift; sourceTree = "<group>"; };
		F989122C1CCE190300752F82 /* statusTopView.swift */ = {isa = PBXFileReference; fileEncoding = 4; lastKnownFileType = sourcecode.swift; path = statusTopView.swift; sourceTree = "<group>"; };
		F9A83BC41C7DCE3C0073AE3F /* PopoverViewController.storyboard */ = {isa = PBXFileReference; fileEncoding = 4; lastKnownFileType = file.storyboard; path = PopoverViewController.storyboard; sourceTree = "<group>"; };
		F9A83BC61C7DD17F0073AE3F /* PopoverPresentationController.swift */ = {isa = PBXFileReference; fileEncoding = 4; lastKnownFileType = sourcecode.swift; path = PopoverPresentationController.swift; sourceTree = "<group>"; };
		F9DA133C1C464658003944BC /* BaseViewController.swift */ = {isa = PBXFileReference; fileEncoding = 4; lastKnownFileType = sourcecode.swift; path = BaseViewController.swift; sourceTree = "<group>"; };
		F9DA133E1C46498E003944BC /* VisitView.swift */ = {isa = PBXFileReference; fileEncoding = 4; lastKnownFileType = sourcecode.swift; path = VisitView.swift; sourceTree = "<group>"; };
		F9DABF8B1C4773460005ABE8 /* UIBarButtonItem+Category.swift */ = {isa = PBXFileReference; fileEncoding = 4; lastKnownFileType = sourcecode.swift; name = "UIBarButtonItem+Category.swift"; path = "SwiftWeiBo/Classes/Main/UIBarButtonItem+Category.swift"; sourceTree = SOURCE_ROOT; };
		F9DABF8D1C477C430005ABE8 /* TitleView.swift */ = {isa = PBXFileReference; fileEncoding = 4; lastKnownFileType = sourcecode.swift; name = TitleView.swift; path = SwiftWeiBo/Classes/Main/TitleView.swift; sourceTree = SOURCE_ROOT; };
		F9F14C251CCF4A5600DB2CE0 /* picViews.swift */ = {isa = PBXFileReference; fileEncoding = 4; lastKnownFileType = sourcecode.swift; name = picViews.swift; path = Resource/picViews.swift; sourceTree = "<group>"; };
		FAC2A5071B4D3E4E20C693F4 /* Pods.release.xcconfig */ = {isa = PBXFileReference; includeInIndex = 1; lastKnownFileType = text.xcconfig; name = Pods.release.xcconfig; path = "Pods/Target Support Files/Pods/Pods.release.xcconfig"; sourceTree = "<group>"; };
/* End PBXFileReference section */

/* Begin PBXFrameworksBuildPhase section */
		F91E01B71C43E69000DA3CEB /* Frameworks */ = {
			isa = PBXFrameworksBuildPhase;
			buildActionMask = 2147483647;
			files = (
				E79A03A20D9735B3EF8BC614 /* Pods.framework in Frameworks */,
			);
			runOnlyForDeploymentPostprocessing = 0;
		};
		F91E01CB1C43E69100DA3CEB /* Frameworks */ = {
			isa = PBXFrameworksBuildPhase;
			buildActionMask = 2147483647;
			files = (
			);
			runOnlyForDeploymentPostprocessing = 0;
		};
		F91E01D61C43E69100DA3CEB /* Frameworks */ = {
			isa = PBXFrameworksBuildPhase;
			buildActionMask = 2147483647;
			files = (
			);
			runOnlyForDeploymentPostprocessing = 0;
		};
/* End PBXFrameworksBuildPhase section */

/* Begin PBXGroup section */
		75DBC0FF6CCEDA1A40C82772 /* Pods */ = {
			isa = PBXGroup;
			children = (
				AE8BD0EB8FC2DA2A3D46F93C /* Pods.debug.xcconfig */,
				FAC2A5071B4D3E4E20C693F4 /* Pods.release.xcconfig */,
			);
			name = Pods;
			sourceTree = "<group>";
		};
		A9969D4F39B41F6E7DC8A8CD /* Frameworks */ = {
			isa = PBXGroup;
			children = (
				9C94DCA27007B5E22D2B298A /* Pods.framework */,
			);
			name = Frameworks;
			sourceTree = "<group>";
		};
		F91E01B11C43E69000DA3CEB = {
			isa = PBXGroup;
			children = (
				F91E01BC1C43E69000DA3CEB /* SwiftWeiBo */,
				F91E01D11C43E69100DA3CEB /* SwiftWeiBoTests */,
				F91E01DC1C43E69100DA3CEB /* SwiftWeiBoUITests */,
				F91E01BB1C43E69000DA3CEB /* Products */,
				75DBC0FF6CCEDA1A40C82772 /* Pods */,
				A9969D4F39B41F6E7DC8A8CD /* Frameworks */,
			);
			sourceTree = "<group>";
		};
		F91E01BB1C43E69000DA3CEB /* Products */ = {
			isa = PBXGroup;
			children = (
				F91E01BA1C43E69000DA3CEB /* SwiftWeiBo.app */,
				F91E01CE1C43E69100DA3CEB /* SwiftWeiBoTests.xctest */,
				F91E01D91C43E69100DA3CEB /* SwiftWeiBoUITests.xctest */,
			);
			name = Products;
			sourceTree = "<group>";
		};
		F91E01BC1C43E69000DA3CEB /* SwiftWeiBo */ = {
			isa = PBXGroup;
			children = (
				F91E01EB1C43E9CB00DA3CEB /* Classes */,
				F91E01BD1C43E69000DA3CEB /* AppDelegate.swift */,
				F91E01C41C43E69100DA3CEB /* Assets.xcassets */,
				F91E01C91C43E69100DA3CEB /* Info.plist */,
			);
			path = SwiftWeiBo;
			sourceTree = "<group>";
		};
		F91E01D11C43E69100DA3CEB /* SwiftWeiBoTests */ = {
			isa = PBXGroup;
			children = (
				F91E01D21C43E69100DA3CEB /* SwiftWeiBoTests.swift */,
				F91E01D41C43E69100DA3CEB /* Info.plist */,
			);
			path = SwiftWeiBoTests;
			sourceTree = "<group>";
		};
		F91E01DC1C43E69100DA3CEB /* SwiftWeiBoUITests */ = {
			isa = PBXGroup;
			children = (
				F91E01DD1C43E69100DA3CEB /* SwiftWeiBoUITests.swift */,
				F91E01DF1C43E69100DA3CEB /* Info.plist */,
			);
			path = SwiftWeiBoUITests;
			sourceTree = "<group>";
		};
		F91E01EB1C43E9CB00DA3CEB /* Classes */ = {
			isa = PBXGroup;
			children = (
				F98911A41CB398F000752F82 /* Newfeature */,
				F935B20E1C97FA0E0010DF54 /* OAuth */,
				F91E01EC1C43E9CB00DA3CEB /* Comman */,
				F91E01ED1C43E9CB00DA3CEB /* Discover */,
				F91E01EE1C43E9CB00DA3CEB /* Home */,
				F91E01EF1C43E9CB00DA3CEB /* Main */,
				F91E01F01C43E9CB00DA3CEB /* Message */,
				F91E01F11C43E9CB00DA3CEB /* Profile */,
				F91E01F21C43E9CB00DA3CEB /* Tools */,
			);
			path = Classes;
			sourceTree = "<group>";
		};
		F91E01EC1C43E9CB00DA3CEB /* Comman */ = {
			isa = PBXGroup;
			children = (
				F9DABF8B1C4773460005ABE8 /* UIBarButtonItem+Category.swift */,
				F9DABF8D1C477C430005ABE8 /* TitleView.swift */,
				F98911F41CC4C5D200752F82 /* UILabel+Category.swift */,
				F98911F61CC4D35000752F82 /* UIButton+Category.swift */,
				F98911F81CC76A2600752F82 /* NSDate+Category.swift */,
			);
			path = Comman;
			sourceTree = "<group>";
		};
		F91E01ED1C43E9CB00DA3CEB /* Discover */ = {
			isa = PBXGroup;
			children = (
				F91E01F71C43EAA900DA3CEB /* DiscoverTableViewController.swift */,
			);
			path = Discover;
			sourceTree = "<group>";
		};
		F91E01EE1C43E9CB00DA3CEB /* Home */ = {
			isa = PBXGroup;
			children = (
				F93370DB1C7EE439002CD754 /* QRCode */,
				F9E7F00E1C706443005D5705 /* PopoverController */,
				F91E01FD1C43F38500DA3CEB /* Resource */,
				F91E01F51C43EA9000DA3CEB /* HomeTableViewController.swift */,
				F98911EC1CBF677900752F82 /* Statuses.swift */,
				F98911EE1CC4806800752F82 /* User.swift */,
				F9F14C251CCF4A5600DB2CE0 /* picViews.swift */,
				F98911F01CC4836300752F82 /* StatusesCell.swift */,
				F989122A1CCE17F000752F82 /* statusBottomView.swift */,
				F989122C1CCE190300752F82 /* statusTopView.swift */,
			);
			path = Home;
			sourceTree = "<group>";
		};
		F91E01EF1C43E9CB00DA3CEB /* Main */ = {
			isa = PBXGroup;
			children = (
				F91E01F31C43EA3E00DA3CEB /* MainViewController.swift */,
				F9DA133C1C464658003944BC /* BaseViewController.swift */,
				F9DA133E1C46498E003944BC /* VisitView.swift */,
			);
			path = Main;
			sourceTree = "<group>";
		};
		F91E01F01C43E9CB00DA3CEB /* Message */ = {
			isa = PBXGroup;
			children = (
				F91E01F91C43EAC400DA3CEB /* MessageTableViewController.swift */,
			);
			path = Message;
			sourceTree = "<group>";
		};
		F91E01F11C43E9CB00DA3CEB /* Profile */ = {
			isa = PBXGroup;
			children = (
				F91E01FB1C43EACD00DA3CEB /* ProfileTableViewController.swift */,
			);
			path = Profile;
			sourceTree = "<group>";
		};
		F91E01F21C43E9CB00DA3CEB /* Tools */ = {
			isa = PBXGroup;
			children = (
				F935B22C1CA0F3010010DF54 /* NetworkTools.swift */,
				F9878BDB1CACD52200858258 /* String+Category.swift */,
			);
			path = Tools;
			sourceTree = "<group>";
		};
		F91E01FD1C43F38500DA3CEB /* Resource */ = {
			isa = PBXGroup;
			children = (
				F91E01FE1C43F38500DA3CEB /* MainVCSettings.json */,
				F91E01FF1C43F38500DA3CEB /* NullViewController.swift */,
			);
			path = Resource;
			sourceTree = "<group>";
		};
		F93370DB1C7EE439002CD754 /* QRCode */ = {
			isa = PBXGroup;
			children = (
				F93370DC1C7EE44F002CD754 /* QRCodeController.storyboard */,
				F93370DE1C8023EE002CD754 /* QRCodeController.swift */,
				F93370FD1C896151002CD754 /* MyQRCodeCard.swift */,
			);
			path = QRCode;
			sourceTree = "<group>";
		};
		F935B20E1C97FA0E0010DF54 /* OAuth */ = {
			isa = PBXGroup;
			children = (
				F935B20F1C97FA2B0010DF54 /* OAuthViewController.swift */,
				F935B2301CA298BF0010DF54 /* UserAccount.swift */,
			);
			path = OAuth;
			sourceTree = "<group>";
		};
		F98911A41CB398F000752F82 /* Newfeature */ = {
			isa = PBXGroup;
			children = (
				F98911A51CB3991A00752F82 /* NewfeatureCollectionViewController.swift */,
				F98911EA1CB62A7B00752F82 /* WelcomeViewController.swift */,
			);
			path = Newfeature;
			sourceTree = "<group>";
		};
		F9E7F00E1C706443005D5705 /* PopoverController */ = {
			isa = PBXGroup;
			children = (
				F9A83BC41C7DCE3C0073AE3F /* PopoverViewController.storyboard */,
				F9A83BC61C7DD17F0073AE3F /* PopoverPresentationController.swift */,
				F93370D91C7ED994002CD754 /* PoperAnimator.swift */,
			);
			path = PopoverController;
			sourceTree = "<group>";
		};
/* End PBXGroup section */

/* Begin PBXNativeTarget section */
		F91E01B91C43E69000DA3CEB /* SwiftWeiBo */ = {
			isa = PBXNativeTarget;
			buildConfigurationList = F91E01E21C43E69100DA3CEB /* Build configuration list for PBXNativeTarget "SwiftWeiBo" */;
			buildPhases = (
				F6AF3886E4F63892F61BA716 /* Check Pods Manifest.lock */,
				F91E01B61C43E69000DA3CEB /* Sources */,
				F91E01B71C43E69000DA3CEB /* Frameworks */,
				F91E01B81C43E69000DA3CEB /* Resources */,
				EF4D72A62A937AFC0ADA6583 /* Embed Pods Frameworks */,
				F16A3C45E73C2227660668E6 /* Copy Pods Resources */,
			);
			buildRules = (
			);
			dependencies = (
			);
			name = SwiftWeiBo;
			productName = SwiftWeiBo;
			productReference = F91E01BA1C43E69000DA3CEB /* SwiftWeiBo.app */;
			productType = "com.apple.product-type.application";
		};
		F91E01CD1C43E69100DA3CEB /* SwiftWeiBoTests */ = {
			isa = PBXNativeTarget;
			buildConfigurationList = F91E01E51C43E69100DA3CEB /* Build configuration list for PBXNativeTarget "SwiftWeiBoTests" */;
			buildPhases = (
				F91E01CA1C43E69100DA3CEB /* Sources */,
				F91E01CB1C43E69100DA3CEB /* Frameworks */,
				F91E01CC1C43E69100DA3CEB /* Resources */,
			);
			buildRules = (
			);
			dependencies = (
				F91E01D01C43E69100DA3CEB /* PBXTargetDependency */,
			);
			name = SwiftWeiBoTests;
			productName = SwiftWeiBoTests;
			productReference = F91E01CE1C43E69100DA3CEB /* SwiftWeiBoTests.xctest */;
			productType = "com.apple.product-type.bundle.unit-test";
		};
		F91E01D81C43E69100DA3CEB /* SwiftWeiBoUITests */ = {
			isa = PBXNativeTarget;
			buildConfigurationList = F91E01E81C43E69100DA3CEB /* Build configuration list for PBXNativeTarget "SwiftWeiBoUITests" */;
			buildPhases = (
				F91E01D51C43E69100DA3CEB /* Sources */,
				F91E01D61C43E69100DA3CEB /* Frameworks */,
				F91E01D71C43E69100DA3CEB /* Resources */,
			);
			buildRules = (
			);
			dependencies = (
				F91E01DB1C43E69100DA3CEB /* PBXTargetDependency */,
			);
			name = SwiftWeiBoUITests;
			productName = SwiftWeiBoUITests;
			productReference = F91E01D91C43E69100DA3CEB /* SwiftWeiBoUITests.xctest */;
			productType = "com.apple.product-type.bundle.ui-testing";
		};
/* End PBXNativeTarget section */

/* Begin PBXProject section */
		F91E01B21C43E69000DA3CEB /* Project object */ = {
			isa = PBXProject;
			attributes = {
				LastSwiftUpdateCheck = 0720;
				LastUpgradeCheck = 0720;
				ORGANIZATIONNAME = imanol;
				TargetAttributes = {
					F91E01B91C43E69000DA3CEB = {
						CreatedOnToolsVersion = 7.2;
						DevelopmentTeam = P7TJS3BHV2;
					};
					F91E01CD1C43E69100DA3CEB = {
						CreatedOnToolsVersion = 7.2;
						TestTargetID = F91E01B91C43E69000DA3CEB;
					};
					F91E01D81C43E69100DA3CEB = {
						CreatedOnToolsVersion = 7.2;
						TestTargetID = F91E01B91C43E69000DA3CEB;
					};
				};
			};
			buildConfigurationList = F91E01B51C43E69000DA3CEB /* Build configuration list for PBXProject "SwiftWeiBo" */;
			compatibilityVersion = "Xcode 3.2";
			developmentRegion = English;
			hasScannedForEncodings = 0;
			knownRegions = (
				en,
				Base,
			);
			mainGroup = F91E01B11C43E69000DA3CEB;
			productRefGroup = F91E01BB1C43E69000DA3CEB /* Products */;
			projectDirPath = "";
			projectRoot = "";
			targets = (
				F91E01B91C43E69000DA3CEB /* SwiftWeiBo */,
				F91E01CD1C43E69100DA3CEB /* SwiftWeiBoTests */,
				F91E01D81C43E69100DA3CEB /* SwiftWeiBoUITests */,
			);
		};
/* End PBXProject section */

/* Begin PBXResourcesBuildPhase section */
		F91E01B81C43E69000DA3CEB /* Resources */ = {
			isa = PBXResourcesBuildPhase;
			buildActionMask = 2147483647;
			files = (
				F93370DD1C7EE44F002CD754 /* QRCodeController.storyboard in Resources */,
				F9A83BC51C7DCE3C0073AE3F /* PopoverViewController.storyboard in Resources */,
				F91E02001C43F38500DA3CEB /* MainVCSettings.json in Resources */,
				F91E01C51C43E69100DA3CEB /* Assets.xcassets in Resources */,
			);
			runOnlyForDeploymentPostprocessing = 0;
		};
		F91E01CC1C43E69100DA3CEB /* Resources */ = {
			isa = PBXResourcesBuildPhase;
			buildActionMask = 2147483647;
			files = (
			);
			runOnlyForDeploymentPostprocessing = 0;
		};
		F91E01D71C43E69100DA3CEB /* Resources */ = {
			isa = PBXResourcesBuildPhase;
			buildActionMask = 2147483647;
			files = (
			);
			runOnlyForDeploymentPostprocessing = 0;
		};
/* End PBXResourcesBuildPhase section */

/* Begin PBXShellScriptBuildPhase section */
		EF4D72A62A937AFC0ADA6583 /* Embed Pods Frameworks */ = {
			isa = PBXShellScriptBuildPhase;
			buildActionMask = 2147483647;
			files = (
			);
			inputPaths = (
			);
			name = "Embed Pods Frameworks";
			outputPaths = (
			);
			runOnlyForDeploymentPostprocessing = 0;
			shellPath = /bin/sh;
			shellScript = "\"${SRCROOT}/Pods/Target Support Files/Pods/Pods-frameworks.sh\"\n";
			showEnvVarsInLog = 0;
		};
		F16A3C45E73C2227660668E6 /* Copy Pods Resources */ = {
			isa = PBXShellScriptBuildPhase;
			buildActionMask = 2147483647;
			files = (
			);
			inputPaths = (
			);
			name = "Copy Pods Resources";
			outputPaths = (
			);
			runOnlyForDeploymentPostprocessing = 0;
			shellPath = /bin/sh;
			shellScript = "\"${SRCROOT}/Pods/Target Support Files/Pods/Pods-resources.sh\"\n";
			showEnvVarsInLog = 0;
		};
		F6AF3886E4F63892F61BA716 /* Check Pods Manifest.lock */ = {
			isa = PBXShellScriptBuildPhase;
			buildActionMask = 2147483647;
			files = (
			);
			inputPaths = (
			);
			name = "Check Pods Manifest.lock";
			outputPaths = (
			);
			runOnlyForDeploymentPostprocessing = 0;
			shellPath = /bin/sh;
			shellScript = "diff \"${PODS_ROOT}/../Podfile.lock\" \"${PODS_ROOT}/Manifest.lock\" > /dev/null\nif [[ $? != 0 ]] ; then\n    cat << EOM\nerror: The sandbox is not in sync with the Podfile.lock. Run 'pod install' or update your CocoaPods installation.\nEOM\n    exit 1\nfi\n";
			showEnvVarsInLog = 0;
		};
/* End PBXShellScriptBuildPhase section */

/* Begin PBXSourcesBuildPhase section */
		F91E01B61C43E69000DA3CEB /* Sources */ = {
			isa = PBXSourcesBuildPhase;
			buildActionMask = 2147483647;
			files = (
				F91E01FC1C43EACD00DA3CEB /* ProfileTableViewController.swift in Sources */,
				F98911F11CC4836300752F82 /* StatusesCell.swift in Sources */,
				F935B22D1CA0F3010010DF54 /* NetworkTools.swift in Sources */,
				F989122D1CCE190300752F82 /* statusTopView.swift in Sources */,
				F935B2311CA298BF0010DF54 /* UserAccount.swift in Sources */,
				F91E01F61C43EA9000DA3CEB /* HomeTableViewController.swift in Sources */,
				F989122B1CCE17F000752F82 /* statusBottomView.swift in Sources */,
				F9F14C261CCF4A5700DB2CE0 /* picViews.swift in Sources */,
				F98911F91CC76A2700752F82 /* NSDate+Category.swift in Sources */,
				F91E01F41C43EA3E00DA3CEB /* MainViewController.swift in Sources */,
				F98911ED1CBF677900752F82 /* Statuses.swift in Sources */,
				F93370DF1C8023EE002CD754 /* QRCodeController.swift in Sources */,
				F98911EB1CB62A7B00752F82 /* WelcomeViewController.swift in Sources */,
				F935B2101C97FA2B0010DF54 /* OAuthViewController.swift in Sources */,
				F91E01F81C43EAA900DA3CEB /* DiscoverTableViewController.swift in Sources */,
				F98911A61CB3991B00752F82 /* NewfeatureCollectionViewController.swift in Sources */,
				F93370DA1C7ED994002CD754 /* PoperAnimator.swift in Sources */,
				F98911F71CC4D35000752F82 /* UIButton+Category.swift in Sources */,
				F91E01FA1C43EAC400DA3CEB /* MessageTableViewController.swift in Sources */,
				F9A83BC71C7DD17F0073AE3F /* PopoverPresentationController.swift in Sources */,
				F9DA133D1C464658003944BC /* BaseViewController.swift in Sources */,
				F9DA133F1C46498E003944BC /* VisitView.swift in Sources */,
				F91E01BE1C43E69000DA3CEB /* AppDelegate.swift in Sources */,
				F9DABF8E1C477C430005ABE8 /* TitleView.swift in Sources */,
				F98911F51CC4C5D200752F82 /* UILabel+Category.swift in Sources */,
				F9DABF8C1C4773460005ABE8 /* UIBarButtonItem+Category.swift in Sources */,
				F9878BDC1CACD52200858258 /* String+Category.swift in Sources */,
				F93370FE1C896151002CD754 /* MyQRCodeCard.swift in Sources */,
				F91E02011C43F38500DA3CEB /* NullViewController.swift in Sources */,
				F98911EF1CC4806800752F82 /* User.swift in Sources */,
			);
			runOnlyForDeploymentPostprocessing = 0;
		};
		F91E01CA1C43E69100DA3CEB /* Sources */ = {
			isa = PBXSourcesBuildPhase;
			buildActionMask = 2147483647;
			files = (
				F91E01D31C43E69100DA3CEB /* SwiftWeiBoTests.swift in Sources */,
			);
			runOnlyForDeploymentPostprocessing = 0;
		};
		F91E01D51C43E69100DA3CEB /* Sources */ = {
			isa = PBXSourcesBuildPhase;
			buildActionMask = 2147483647;
			files = (
				F91E01DE1C43E69100DA3CEB /* SwiftWeiBoUITests.swift in Sources */,
			);
			runOnlyForDeploymentPostprocessing = 0;
		};
/* End PBXSourcesBuildPhase section */

/* Begin PBXTargetDependency section */
		F91E01D01C43E69100DA3CEB /* PBXTargetDependency */ = {
			isa = PBXTargetDependency;
			target = F91E01B91C43E69000DA3CEB /* SwiftWeiBo */;
			targetProxy = F91E01CF1C43E69100DA3CEB /* PBXContainerItemProxy */;
		};
		F91E01DB1C43E69100DA3CEB /* PBXTargetDependency */ = {
			isa = PBXTargetDependency;
			target = F91E01B91C43E69000DA3CEB /* SwiftWeiBo */;
			targetProxy = F91E01DA1C43E69100DA3CEB /* PBXContainerItemProxy */;
		};
/* End PBXTargetDependency section */

/* Begin XCBuildConfiguration section */
		F91E01E01C43E69100DA3CEB /* Debug */ = {
			isa = XCBuildConfiguration;
			buildSettings = {
				ALWAYS_SEARCH_USER_PATHS = NO;
				CLANG_CXX_LANGUAGE_STANDARD = "gnu++0x";
				CLANG_CXX_LIBRARY = "libc++";
				CLANG_ENABLE_MODULES = YES;
				CLANG_ENABLE_OBJC_ARC = YES;
				CLANG_WARN_BOOL_CONVERSION = YES;
				CLANG_WARN_CONSTANT_CONVERSION = YES;
				CLANG_WARN_DIRECT_OBJC_ISA_USAGE = YES_ERROR;
				CLANG_WARN_EMPTY_BODY = YES;
				CLANG_WARN_ENUM_CONVERSION = YES;
				CLANG_WARN_INT_CONVERSION = YES;
				CLANG_WARN_OBJC_ROOT_CLASS = YES_ERROR;
				CLANG_WARN_UNREACHABLE_CODE = YES;
				CLANG_WARN__DUPLICATE_METHOD_MATCH = YES;
				"CODE_SIGN_IDENTITY[sdk=iphoneos*]" = "iPhone Developer";
				COPY_PHASE_STRIP = NO;
				DEBUG_INFORMATION_FORMAT = dwarf;
				ENABLE_STRICT_OBJC_MSGSEND = YES;
				ENABLE_TESTABILITY = YES;
				GCC_C_LANGUAGE_STANDARD = gnu99;
				GCC_DYNAMIC_NO_PIC = NO;
				GCC_NO_COMMON_BLOCKS = YES;
				GCC_OPTIMIZATION_LEVEL = 0;
				GCC_PREPROCESSOR_DEFINITIONS = (
					"DEBUG=1",
					"$(inherited)",
				);
				GCC_WARN_64_TO_32_BIT_CONVERSION = YES;
				GCC_WARN_ABOUT_RETURN_TYPE = YES_ERROR;
				GCC_WARN_UNDECLARED_SELECTOR = YES;
				GCC_WARN_UNINITIALIZED_AUTOS = YES_AGGRESSIVE;
				GCC_WARN_UNUSED_FUNCTION = YES;
				GCC_WARN_UNUSED_VARIABLE = YES;
				IPHONEOS_DEPLOYMENT_TARGET = 9.2;
				MTL_ENABLE_DEBUG_INFO = YES;
				ONLY_ACTIVE_ARCH = YES;
				SDKROOT = iphoneos;
				SWIFT_OPTIMIZATION_LEVEL = "-Onone";
			};
			name = Debug;
		};
		F91E01E11C43E69100DA3CEB /* Release */ = {
			isa = XCBuildConfiguration;
			buildSettings = {
				ALWAYS_SEARCH_USER_PATHS = NO;
				CLANG_CXX_LANGUAGE_STANDARD = "gnu++0x";
				CLANG_CXX_LIBRARY = "libc++";
				CLANG_ENABLE_MODULES = YES;
				CLANG_ENABLE_OBJC_ARC = YES;
				CLANG_WARN_BOOL_CONVERSION = YES;
				CLANG_WARN_CONSTANT_CONVERSION = YES;
				CLANG_WARN_DIRECT_OBJC_ISA_USAGE = YES_ERROR;
				CLANG_WARN_EMPTY_BODY = YES;
				CLANG_WARN_ENUM_CONVERSION = YES;
				CLANG_WARN_INT_CONVERSION = YES;
				CLANG_WARN_OBJC_ROOT_CLASS = YES_ERROR;
				CLANG_WARN_UNREACHABLE_CODE = YES;
				CLANG_WARN__DUPLICATE_METHOD_MATCH = YES;
				"CODE_SIGN_IDENTITY[sdk=iphoneos*]" = "iPhone Developer";
				COPY_PHASE_STRIP = NO;
				DEBUG_INFORMATION_FORMAT = "dwarf-with-dsym";
				ENABLE_NS_ASSERTIONS = NO;
				ENABLE_STRICT_OBJC_MSGSEND = YES;
				GCC_C_LANGUAGE_STANDARD = gnu99;
				GCC_NO_COMMON_BLOCKS = YES;
				GCC_WARN_64_TO_32_BIT_CONVERSION = YES;
				GCC_WARN_ABOUT_RETURN_TYPE = YES_ERROR;
				GCC_WARN_UNDECLARED_SELECTOR = YES;
				GCC_WARN_UNINITIALIZED_AUTOS = YES_AGGRESSIVE;
				GCC_WARN_UNUSED_FUNCTION = YES;
				GCC_WARN_UNUSED_VARIABLE = YES;
				IPHONEOS_DEPLOYMENT_TARGET = 9.2;
				MTL_ENABLE_DEBUG_INFO = NO;
				SDKROOT = iphoneos;
				VALIDATE_PRODUCT = YES;
			};
			name = Release;
		};
		F91E01E31C43E69100DA3CEB /* Debug */ = {
			isa = XCBuildConfiguration;
			baseConfigurationReference = AE8BD0EB8FC2DA2A3D46F93C /* Pods.debug.xcconfig */;
			buildSettings = {
				ASSETCATALOG_COMPILER_APPICON_NAME = AppIcon;
				ASSETCATALOG_COMPILER_LAUNCHIMAGE_NAME = LaunchImage;
				CODE_SIGN_IDENTITY = "iPhone Developer";
				"CODE_SIGN_IDENTITY[sdk=iphoneos*]" = "iPhone Developer";
				INFOPLIST_FILE = SwiftWeiBo/Info.plist;
				IPHONEOS_DEPLOYMENT_TARGET = 8.1;
				LD_RUNPATH_SEARCH_PATHS = "$(inherited) @executable_path/Frameworks";
				PRODUCT_BUNDLE_IDENTIFIER = com.imanol.SwiftWeiBo;
				PRODUCT_NAME = "$(TARGET_NAME)";
				PROVISIONING_PROFILE = "";
			};
			name = Debug;
		};
		F91E01E41C43E69100DA3CEB /* Release */ = {
			isa = XCBuildConfiguration;
			baseConfigurationReference = FAC2A5071B4D3E4E20C693F4 /* Pods.release.xcconfig */;
			buildSettings = {
				ASSETCATALOG_COMPILER_APPICON_NAME = AppIcon;
				ASSETCATALOG_COMPILER_LAUNCHIMAGE_NAME = LaunchImage;
				CODE_SIGN_IDENTITY = "iPhone Developer";
				"CODE_SIGN_IDENTITY[sdk=iphoneos*]" = "iPhone Developer";
				INFOPLIST_FILE = SwiftWeiBo/Info.plist;
				IPHONEOS_DEPLOYMENT_TARGET = 8.1;
				LD_RUNPATH_SEARCH_PATHS = "$(inherited) @executable_path/Frameworks";
				PRODUCT_BUNDLE_IDENTIFIER = com.imanol.SwiftWeiBo;
				PRODUCT_NAME = "$(TARGET_NAME)";
				PROVISIONING_PROFILE = "";
			};
			name = Release;
		};
		F91E01E61C43E69100DA3CEB /* Debug */ = {
			isa = XCBuildConfiguration;
			buildSettings = {
				BUNDLE_LOADER = "$(TEST_HOST)";
				INFOPLIST_FILE = SwiftWeiBoTests/Info.plist;
				LD_RUNPATH_SEARCH_PATHS = "$(inherited) @executable_path/Frameworks @loader_path/Frameworks";
				PRODUCT_BUNDLE_IDENTIFIER = com.imanol.SwiftWeiBoTests;
				PRODUCT_NAME = "$(TARGET_NAME)";
				TEST_HOST = "$(BUILT_PRODUCTS_DIR)/SwiftWeiBo.app/SwiftWeiBo";
			};
			name = Debug;
		};
		F91E01E71C43E69100DA3CEB /* Release */ = {
			isa = XCBuildConfiguration;
			buildSettings = {
				BUNDLE_LOADER = "$(TEST_HOST)";
				INFOPLIST_FILE = SwiftWeiBoTests/Info.plist;
				LD_RUNPATH_SEARCH_PATHS = "$(inherited) @executable_path/Frameworks @loader_path/Frameworks";
				PRODUCT_BUNDLE_IDENTIFIER = com.imanol.SwiftWeiBoTests;
				PRODUCT_NAME = "$(TARGET_NAME)";
				TEST_HOST = "$(BUILT_PRODUCTS_DIR)/SwiftWeiBo.app/SwiftWeiBo";
			};
			name = Release;
		};
		F91E01E91C43E69100DA3CEB /* Debug */ = {
			isa = XCBuildConfiguration;
			buildSettings = {
				INFOPLIST_FILE = SwiftWeiBoUITests/Info.plist;
				LD_RUNPATH_SEARCH_PATHS = "$(inherited) @executable_path/Frameworks @loader_path/Frameworks";
				PRODUCT_BUNDLE_IDENTIFIER = com.imanol.SwiftWeiBoUITests;
				PRODUCT_NAME = "$(TARGET_NAME)";
				TEST_TARGET_NAME = SwiftWeiBo;
				USES_XCTRUNNER = YES;
			};
			name = Debug;
		};
		F91E01EA1C43E69100DA3CEB /* Release */ = {
			isa = XCBuildConfiguration;
			buildSettings = {
				INFOPLIST_FILE = SwiftWeiBoUITests/Info.plist;
				LD_RUNPATH_SEARCH_PATHS = "$(inherited) @executable_path/Frameworks @loader_path/Frameworks";
				PRODUCT_BUNDLE_IDENTIFIER = com.imanol.SwiftWeiBoUITests;
				PRODUCT_NAME = "$(TARGET_NAME)";
				TEST_TARGET_NAME = SwiftWeiBo;
				USES_XCTRUNNER = YES;
			};
			name = Release;
		};
/* End XCBuildConfiguration section */

/* Begin XCConfigurationList section */
		F91E01B51C43E69000DA3CEB /* Build configuration list for PBXProject "SwiftWeiBo" */ = {
			isa = XCConfigurationList;
			buildConfigurations = (
				F91E01E01C43E69100DA3CEB /* Debug */,
				F91E01E11C43E69100DA3CEB /* Release */,
			);
			defaultConfigurationIsVisible = 0;
			defaultConfigurationName = Release;
		};
		F91E01E21C43E69100DA3CEB /* Build configuration list for PBXNativeTarget "SwiftWeiBo" */ = {
			isa = XCConfigurationList;
			buildConfigurations = (
				F91E01E31C43E69100DA3CEB /* Debug */,
				F91E01E41C43E69100DA3CEB /* Release */,
			);
			defaultConfigurationIsVisible = 0;
			defaultConfigurationName = Release;
		};
		F91E01E51C43E69100DA3CEB /* Build configuration list for PBXNativeTarget "SwiftWeiBoTests" */ = {
			isa = XCConfigurationList;
			buildConfigurations = (
				F91E01E61C43E69100DA3CEB /* Debug */,
				F91E01E71C43E69100DA3CEB /* Release */,
			);
			defaultConfigurationIsVisible = 0;
			defaultConfigurationName = Release;
		};
		F91E01E81C43E69100DA3CEB /* Build configuration list for PBXNativeTarget "SwiftWeiBoUITests" */ = {
			isa = XCConfigurationList;
			buildConfigurations = (
				F91E01E91C43E69100DA3CEB /* Debug */,
				F91E01EA1C43E69100DA3CEB /* Release */,
			);
			defaultConfigurationIsVisible = 0;
			defaultConfigurationName = Release;
		};
/* End XCConfigurationList section */
	};
	rootObject = F91E01B21C43E69000DA3CEB /* Project object */;
}
